{
  "name": "60scorenpm",
  "version": "1.0.0",
  "lockfileVersion": 3,
  "requires": true,
  "packages": {
    "": {
      "name": "60scorenpm",
      "version": "1.0.0",
      "license": "ISC",
      "dependencies": {
        "idcard-tool": "^1.0.1"
      }
    },
    "node_modules/idcard-tool": {
      "version": "1.0.1",
      "resolved": "https://registry.npmjs.org/idcard-tool/-/idcard-tool-1.0.1.tgz",
      "integrity": "sha512-EZ0Kag/GmvNvdto9jJLJ42RigbFEN4XYYl/VncUVheGU1hOv6B3JW6W3GPuuXE8fsagkXTrLdaWorebwSS+9LA=="
    }
  }
}
